
Microsoft Visual Studio Solution File, Format Version 12.00
# Visual Studio Version 17
VisualStudioVersion = 17.4.33103.184
MinimumVisualStudioVersion = 10.0.40219.1
Project("{FAE04EC0-301F-11D3-BF4B-00C04F79EFBC}") = "ActionResult", "ActionResult\ActionResult.csproj", "{CA571A36-0D03-41BD-ACBC-135C95E40B38}"
EndProject
Global
	GlobalSection(SolutionConfigurationPlatforms) = preSolution
		Debug|Any CPU = Debug|Any CPU
		Release|Any CPU = Release|Any CPU
	EndGlobalSection
	GlobalSection(ProjectConfigurationPlatforms) = postSolution
		{CA571A36-0D03-41BD-ACBC-135C95E40B38}.Debug|Any CPU.ActiveCfg = Debug|Any CPU
		{CA571A36-0D03-41BD-ACBC-135C95E40B38}.Debug|Any CPU.Build.0 = Debug|Any CPU
		{CA571A36-0D03-41BD-ACBC-135C95E40B38}.Release|Any CPU.ActiveCfg = Release|Any CPU
		{CA571A36-0D03-41BD-ACBC-135C95E40B38}.Release|Any CPU.Build.0 = Release|Any CPU
	EndGlobalSection
	GlobalSection(SolutionProperties) = preSolution
		HideSolutionNode = FALSE
	EndGlobalSection
	GlobalSection(ExtensibilityGlobals) = postSolution
		SolutionGuid = {957BF51B-A0AE-468D-8F6B-BCBD5A2906A8}
	EndGlobalSection
EndGlobal
